
Microsoft Visual Studio Solution File, Format Version 12.00
# Visual Studio 15
VisualStudioVersion = 15.0.28010.2050
MinimumVisualStudioVersion = 10.0.40219.1
Project("{FAE04EC0-301F-11D3-BF4B-00C04F79EFBC}") = "CitiesStats", "source\CitiesStats.csproj", "{3CA522AB-0F50-4AFB-AFB1-22BC62F689B2}"
EndProject
Global
	GlobalSection(SolutionConfigurationPlatforms) = preSolution
		Debug|Any CPU = Debug|Any CPU
		Release|Any CPU = Release|Any CPU
	EndGlobalSection
	GlobalSection(ProjectConfigurationPlatforms) = postSolution
		{3CA522AB-0F50-4AFB-AFB1-22BC62F689B2}.Debug|Any CPU.ActiveCfg = Debug|Any CPU
		{3CA522AB-0F50-4AFB-AFB1-22BC62F689B2}.Debug|Any CPU.Build.0 = Debug|Any CPU
		{3CA522AB-0F50-4AFB-AFB1-22BC62F689B2}.Release|Any CPU.ActiveCfg = Release|Any CPU
		{3CA522AB-0F50-4AFB-AFB1-22BC62F689B2}.Release|Any CPU.Build.0 = Release|Any CPU
	EndGlobalSection
	GlobalSection(SolutionProperties) = preSolution
		HideSolutionNode = FALSE
	EndGlobalSection
	GlobalSection(ExtensibilityGlobals) = postSolution
		SolutionGuid = {6D96E0E6-0FC5-4B0D-AAA4-E92C61FCE147}
	EndGlobalSection
EndGlobal
